
Microsoft Visual Studio Solution File, Format Version 12.00
# Visual Studio Version 17
VisualStudioVersion = 17.0.31903.59
MinimumVisualStudioVersion = 10.0.40219.1
Project("{FAE04EC0-301F-11D3-BF4B-00C04F79EFBC}") = "dal", "dal\dal.csproj", "{797EB4F5-29D5-4A68-9091-25339485547B}"
EndProject
Project("{FAE04EC0-301F-11D3-BF4B-00C04F79EFBC}") = "bll", "bll\bll.csproj", "{F20F842F-F39F-4AA1-B900-2513C94D58EE}"
EndProject
Project("{FAE04EC0-301F-11D3-BF4B-00C04F79EFBC}") = "fluent", "fluent\fluent.csproj", "{E91BA85C-BCB5-4B73-92D8-BF44C45BC4B7}"
EndProject
Project("{FAE04EC0-301F-11D3-BF4B-00C04F79EFBC}") = "entity", "entity\entity.csproj", "{67B81602-E263-4F21-94BD-9F8F0A05CB27}"
EndProject
Project("{FAE04EC0-301F-11D3-BF4B-00C04F79EFBC}") = "api", "api\api.csproj", "{8077B015-BA95-41BA-96E7-DEA221B586B4}"
EndProject
Global
	GlobalSection(SolutionConfigurationPlatforms) = preSolution
		Debug|Any CPU = Debug|Any CPU
		Release|Any CPU = Release|Any CPU
	EndGlobalSection
	GlobalSection(SolutionProperties) = preSolution
		HideSolutionNode = FALSE
	EndGlobalSection
	GlobalSection(ProjectConfigurationPlatforms) = postSolution
		{797EB4F5-29D5-4A68-9091-25339485547B}.Debug|Any CPU.ActiveCfg = Debug|Any CPU
		{797EB4F5-29D5-4A68-9091-25339485547B}.Debug|Any CPU.Build.0 = Debug|Any CPU
		{797EB4F5-29D5-4A68-9091-25339485547B}.Release|Any CPU.ActiveCfg = Release|Any CPU
		{797EB4F5-29D5-4A68-9091-25339485547B}.Release|Any CPU.Build.0 = Release|Any CPU
		{F20F842F-F39F-4AA1-B900-2513C94D58EE}.Debug|Any CPU.ActiveCfg = Debug|Any CPU
		{F20F842F-F39F-4AA1-B900-2513C94D58EE}.Debug|Any CPU.Build.0 = Debug|Any CPU
		{F20F842F-F39F-4AA1-B900-2513C94D58EE}.Release|Any CPU.ActiveCfg = Release|Any CPU
		{F20F842F-F39F-4AA1-B900-2513C94D58EE}.Release|Any CPU.Build.0 = Release|Any CPU
		{E91BA85C-BCB5-4B73-92D8-BF44C45BC4B7}.Debug|Any CPU.ActiveCfg = Debug|Any CPU
		{E91BA85C-BCB5-4B73-92D8-BF44C45BC4B7}.Debug|Any CPU.Build.0 = Debug|Any CPU
		{E91BA85C-BCB5-4B73-92D8-BF44C45BC4B7}.Release|Any CPU.ActiveCfg = Release|Any CPU
		{E91BA85C-BCB5-4B73-92D8-BF44C45BC4B7}.Release|Any CPU.Build.0 = Release|Any CPU
		{67B81602-E263-4F21-94BD-9F8F0A05CB27}.Debug|Any CPU.ActiveCfg = Debug|Any CPU
		{67B81602-E263-4F21-94BD-9F8F0A05CB27}.Debug|Any CPU.Build.0 = Debug|Any CPU
		{67B81602-E263-4F21-94BD-9F8F0A05CB27}.Release|Any CPU.ActiveCfg = Release|Any CPU
		{67B81602-E263-4F21-94BD-9F8F0A05CB27}.Release|Any CPU.Build.0 = Release|Any CPU
		{8077B015-BA95-41BA-96E7-DEA221B586B4}.Debug|Any CPU.ActiveCfg = Debug|Any CPU
		{8077B015-BA95-41BA-96E7-DEA221B586B4}.Debug|Any CPU.Build.0 = Debug|Any CPU
		{8077B015-BA95-41BA-96E7-DEA221B586B4}.Release|Any CPU.ActiveCfg = Release|Any CPU
		{8077B015-BA95-41BA-96E7-DEA221B586B4}.Release|Any CPU.Build.0 = Release|Any CPU
	EndGlobalSection
EndGlobal
